Microsoft Visual Studio Solution File, Format Version 12.00
# Visual Studio Version 17
VisualStudioVersion = 17.0.31903.59
MinimumVisualStudioVersion = 10.0.40219.1

Project("{2150E333-8FDC-42A3-9474-1A3956D46DE8}") = "src", "src", "{8BC9CEB8-8B4A-11D0-8D11-00A0C91BC942}"
EndProject

Project("{2150E333-8FDC-42A3-9474-1A3956D46DE8}") = "Core", "Core", "{F2A71F9B-5D33-465A-A702-920D77279786}"
EndProject

Project("{2150E333-8FDC-42A3-9474-1A3956D46DE8}") = "Backend", "Backend", "{F2A71F9B-5D33-465A-A702-920D77279787}"
EndProject

Project("{2150E333-8FDC-42A3-9474-1A3956D46DE8}") = "Frontend", "Frontend", "{F2A71F9B-5D33-465A-A702-920D77279788}"
EndProject

Project("{2150E333-8FDC-42A3-9474-1A3956D46DE8}") = "Modules", "Modules", "{F2A71F9B-5D33-465A-A702-920D77279789}"
EndProject

Project("{2150E333-8FDC-42A3-9474-1A3956D46DE8}") = "MLOps", "MLOps", "{F2A71F9B-5D33-465A-A702-920D77279790}"
EndProject

Project("{FAE04EC0-301F-11D3-BF4B-00C04F79EFBC}") = "LangNet.Agent.Core", "src\LangNet.Agent.Core\LangNet.Agent.Core.csproj", "{8BC9CEB8-8B4A-11D0-8D11-00A0C91BC943}"
EndProject

Project("{FAE04EC0-301F-11D3-BF4B-00C04F79EFBC}") = "LangNet.Agent.Backend.API", "src\LangNet.Agent.Backend\API\LangNet.Agent.Backend.API.csproj", "{8BC9CEB8-8B4A-11D0-8D11-00A0C91BC944}"
EndProject

Project("{FAE04EC0-301F-11D3-BF4B-00C04F79EFBC}") = "LangNet.Agent.Backend.Functions", "src\LangNet.Agent.Backend\Functions\LangNet.Agent.Backend.Functions.csproj", "{8BC9CEB8-8B4A-11D0-8D11-00A0C91BC945}"
EndProject

Project("{2150E333-8FDC-42A3-9474-1A3956D46DE8}") = "tests", "tests", "{8BC9CEB8-8B4A-11D0-8D11-00A0C91BC946}"
EndProject

Project("{2150E333-8FDC-42A3-9474-1A3956D46DE8}") = "deployment", "deployment", "{8BC9CEB8-8B4A-11D0-8D11-00A0C91BC947}"
EndProject

Project("{2150E333-8FDC-42A3-9474-1A3956D46DE8}") = "docs", "docs", "{8BC9CEB8-8B4A-11D0-8D11-00A0C91BC948}"
EndProject

Global
	GlobalSection(SolutionConfigurationPlatforms) = preSolution
		Debug|Any CPU = Debug|Any CPU
		Release|Any CPU = Release|Any CPU
	EndGlobalSection
	GlobalSection(ProjectConfigurationPlatforms) = postSolution
		{8BC9CEB8-8B4A-11D0-8D11-00A0C91BC943}.Debug|Any CPU.ActiveCfg = Debug|Any CPU
		{8BC9CEB8-8B4A-11D0-8D11-00A0C91BC943}.Debug|Any CPU.Build.0 = Debug|Any CPU
		{8BC9CEB8-8B4A-11D0-8D11-00A0C91BC943}.Release|Any CPU.ActiveCfg = Release|Any CPU
		{8BC9CEB8-8B4A-11D0-8D11-00A0C91BC943}.Release|Any CPU.Build.0 = Release|Any CPU
		{8BC9CEB8-8B4A-11D0-8D11-00A0C91BC944}.Debug|Any CPU.ActiveCfg = Debug|Any CPU
		{8BC9CEB8-8B4A-11D0-8D11-00A0C91BC944}.Debug|Any CPU.Build.0 = Debug|Any CPU
		{8BC9CEB8-8B4A-11D0-8D11-00A0C91BC944}.Release|Any CPU.ActiveCfg = Release|Any CPU
		{8BC9CEB8-8B4A-11D0-8D11-00A0C91BC944}.Release|Any CPU.Build.0 = Release|Any CPU
		{8BC9CEB8-8B4A-11D0-8D11-00A0C91BC945}.Debug|Any CPU.ActiveCfg = Debug|Any CPU
		{8BC9CEB8-8B4A-11D0-8D11-00A0C91BC945}.Debug|Any CPU.Build.0 = Debug|Any CPU
		{8BC9CEB8-8B4A-11D0-8D11-00A0C91BC945}.Release|Any CPU.ActiveCfg = Release|Any CPU
		{8BC9CEB8-8B4A-11D0-8D11-00A0C91BC945}.Release|Any CPU.Build.0 = Release|Any CPU
	EndGlobalSection
	GlobalSection(NestedProjects) = preSolution
		{F2A71F9B-5D33-465A-A702-920D77279786} = {8BC9CEB8-8B4A-11D0-8D11-00A0C91BC942}
		{F2A71F9B-5D33-465A-A702-920D77279787} = {8BC9CEB8-8B4A-11D0-8D11-00A0C91BC942}
		{F2A71F9B-5D33-465A-A702-920D77279788} = {8BC9CEB8-8B4A-11D0-8D11-00A0C91BC942}
		{F2A71F9B-5D33-465A-A702-920D77279789} = {8BC9CEB8-8B4A-11D0-8D11-00A0C91BC942}
		{F2A71F9B-5D33-465A-A702-920D77279790} = {8BC9CEB8-8B4A-11D0-8D11-00A0C91BC942}
		{8BC9CEB8-8B4A-11D0-8D11-00A0C91BC943} = {F2A71F9B-5D33-465A-A702-920D77279786}
		{8BC9CEB8-8B4A-11D0-8D11-00A0C91BC944} = {F2A71F9B-5D33-465A-A702-920D77279787}
		{8BC9CEB8-8B4A-11D0-8D11-00A0C91BC945} = {F2A71F9B-5D33-465A-A702-920D77279787}
	EndGlobalSection
EndGlobal